// !$*UTF8*$!
{
	archiveVersion = 1;
	classes = {
	};
	objectVersion = 77;
	objects = {

/* Begin PBXBuildFile section */
		C525CD452D78FDD7005C5194 /* StoreKit.framework in Frameworks */ = {isa = PBXBuildFile; fileRef = C525CD442D78FDD7005C5194 /* StoreKit.framework */; };
/* End PBXBuildFile section */

/* Begin PBXContainerItemProxy section */
		C53F76242D405F15004560F9 /* PBXContainerItemProxy */ = {
			isa = PBXContainerItemProxy;
			containerPortal = C53F760B2D405F13004560F9 /* Project object */;
			proxyType = 1;
			remoteGlobalIDString = C53F76122D405F13004560F9;
			remoteInfo = CoachPlus;
		};
		C53F762E2D405F15004560F9 /* PBXContainerItemProxy */ = {
			isa = PBXContainerItemProxy;
			containerPortal = C53F760B2D405F13004560F9 /* Project object */;
			proxyType = 1;
			remoteGlobalIDString = C53F76122D405F13004560F9;
			remoteInfo = CoachPlus;
		};
/* End PBXContainerItemProxy section */

/* Begin PBXFileReference section */
		C525CD442D78FDD7005C5194 /* StoreKit.framework */ = {isa = PBXFileReference; lastKnownFileType = wrapper.framework; name = StoreKit.framework; path = System/Library/Frameworks/StoreKit.framework; sourceTree = SDKROOT; };
		C53F76132D405F13004560F9 /* CoachPlus.app */ = {isa = PBXFileReference; explicitFileType = wrapper.application; includeInIndex = 0; path = CoachPlus.app; sourceTree = BUILT_PRODUCTS_DIR; };
		C53F76232D405F15004560F9 /* CoachPlusTests.xctest */ = {isa = PBXFileReference; explicitFileType = wrapper.cfbundle; includeInIndex = 0; path = CoachPlusTests.xctest; sourceTree = BUILT_PRODUCTS_DIR; };
		C53F762D2D405F15004560F9 /* CoachPlusUITests.xctest */ = {isa = PBXFileReference; explicitFileType = wrapper.cfbundle; includeInIndex = 0; path = CoachPlusUITests.xctest; sourceTree = BUILT_PRODUCTS_DIR; };
/* End PBXFileReference section */

/* Begin PBXFileSystemSynchronizedBuildFileExceptionSet section */
		C5C6238C2D5191E7008AF48C /* Exceptions for "CoachPlus" folder in "CoachPlus" target */ = {
			isa = PBXFileSystemSynchronizedBuildFileExceptionSet;
			membershipExceptions = (
				Info.plist,
			);
			target = C53F76122D405F13004560F9 /* CoachPlus */;
		};
/* End PBXFileSystemSynchronizedBuildFileExceptionSet section */

/* Begin PBXFileSystemSynchronizedRootGroup section */
		C53F76152D405F13004560F9 /* CoachPlus */ = {
			isa = PBXFileSystemSynchronizedRootGroup;
			exceptions = (
				C5C6238C2D5191E7008AF48C /* Exceptions for "CoachPlus" folder in "CoachPlus" target */,
			);
			path = CoachPlus;
			sourceTree = "<group>";
		};
		C53F76262D405F15004560F9 /* CoachPlusTests */ = {
			isa = PBXFileSystemSynchronizedRootGroup;
			path = CoachPlusTests;
			sourceTree = "<group>";
		};
		C53F76302D405F15004560F9 /* CoachPlusUITests */ = {
			isa = PBXFileSystemSynchronizedRootGroup;
			path = CoachPlusUITests;
			sourceTree = "<group>";
		};
/* End PBXFileSystemSynchronizedRootGroup section */

/* Begin PBXFrameworksBuildPhase section */
		C53F76102D405F13004560F9 /* Frameworks */ = {
			isa = PBXFrameworksBuildPhase;
			buildActionMask = 2147483647;
			files = (
				C525CD452D78FDD7005C5194 /* StoreKit.framework in Frameworks */,
			);
			runOnlyForDeploymentPostprocessing = 0;
		};
		C53F76202D405F15004560F9 /* Frameworks */ = {
			isa = PBXFrameworksBuildPhase;
			buildActionMask = 2147483647;
			files = (
			);
			runOnlyForDeploymentPostprocessing = 0;
		};
		C53F762A2D405F15004560F9 /* Frameworks */ = {
			isa = PBXFrameworksBuildPhase;
			buildActionMask = 2147483647;
			files = (
			);
			runOnlyForDeploymentPostprocessing = 0;
		};
/* End PBXFrameworksBuildPhase section */

/* Begin PBXGroup section */
		C525CD432D78FDD7005C5194 /* Frameworks */ = {
			isa = PBXGroup;
			children = (
				C525CD442D78FDD7005C5194 /* StoreKit.framework */,
			);
			name = Frameworks;
			sourceTree = "<group>";
		};
		C53F760A2D405F13004560F9 = {
			isa = PBXGroup;
			children = (
				C53F76152D405F13004560F9 /* CoachPlus */,
				C53F76262D405F15004560F9 /* CoachPlusTests */,
				C53F76302D405F15004560F9 /* CoachPlusUITests */,
				C525CD432D78FDD7005C5194 /* Frameworks */,
				C53F76142D405F13004560F9 /* Products */,
			);
			sourceTree = "<group>";
		};
		C53F76142D405F13004560F9 /* Products */ = {
			isa = PBXGroup;
			children = (
				C53F76132D405F13004560F9 /* CoachPlus.app */,
				C53F76232D405F15004560F9 /* CoachPlusTests.xctest */,
				C53F762D2D405F15004560F9 /* CoachPlusUITests.xctest */,
			);
			name = Products;
			sourceTree = "<group>";
		};
/* End PBXGroup section */

/* Begin PBXNativeTarget section */
		C53F76122D405F13004560F9 /* CoachPlus */ = {
			isa = PBXNativeTarget;
			buildConfigurationList = C53F76372D405F15004560F9 /* Build configuration list for PBXNativeTarget "CoachPlus" */;
			buildPhases = (
				C53F760F2D405F13004560F9 /* Sources */,
				C53F76102D405F13004560F9 /* Frameworks */,
				C53F76112D405F13004560F9 /* Resources */,
			);
			buildRules = (
			);
			dependencies = (
			);
			fileSystemSynchronizedGroups = (
				C53F76152D405F13004560F9 /* CoachPlus */,
			);
			name = CoachPlus;
			packageProductDependencies = (
			);
			productName = CoachPlus;
			productReference = C53F76132D405F13004560F9 /* CoachPlus.app */;
			productType = "com.apple.product-type.application";
		};
		C53F76222D405F15004560F9 /* CoachPlusTests */ = {
			isa = PBXNativeTarget;
			buildConfigurationList = C53F763A2D405F15004560F9 /* Build configuration list for PBXNativeTarget "CoachPlusTests" */;
			buildPhases = (
				C53F761F2D405F15004560F9 /* Sources */,
				C53F76202D405F15004560F9 /* Frameworks */,
				C53F76212D405F15004560F9 /* Resources */,
			);
			buildRules = (
			);
			dependencies = (
				C53F76252D405F15004560F9 /* PBXTargetDependency */,
			);
			fileSystemSynchronizedGroups = (
				C53F76262D405F15004560F9 /* CoachPlusTests */,
			);
			name = CoachPlusTests;
			packageProductDependencies = (
			);
			productName = CoachPlusTests;
			productReference = C53F76232D405F15004560F9 /* CoachPlusTests.xctest */;
			productType = "com.apple.product-type.bundle.unit-test";
		};
		C53F762C2D405F15004560F9 /* CoachPlusUITests */ = {
			isa = PBXNativeTarget;
			buildConfigurationList = C53F763D2D405F15004560F9 /* Build configuration list for PBXNativeTarget "CoachPlusUITests" */;
			buildPhases = (
				C53F76292D405F15004560F9 /* Sources */,
				C53F762A2D405F15004560F9 /* Frameworks */,
				C53F762B2D405F15004560F9 /* Resources */,
			);
			buildRules = (
			);
			dependencies = (
				C53F762F2D405F15004560F9 /* PBXTargetDependency */,
			);
			fileSystemSynchronizedGroups = (
				C53F76302D405F15004560F9 /* CoachPlusUITests */,
			);
			name = CoachPlusUITests;
			packageProductDependencies = (
			);
			productName = CoachPlusUITests;
			productReference = C53F762D2D405F15004560F9 /* CoachPlusUITests.xctest */;
			productType = "com.apple.product-type.bundle.ui-testing";
		};
/* End PBXNativeTarget section */

/* Begin PBXProject section */
		C53F760B2D405F13004560F9 /* Project object */ = {
			isa = PBXProject;
			attributes = {
				BuildIndependentTargetsInParallel = 1;
				LastSwiftUpdateCheck = 1620;
				LastUpgradeCheck = 1630;
				TargetAttributes = {
					C53F76122D405F13004560F9 = {
						CreatedOnToolsVersion = 16.2;
					};
					C53F76222D405F15004560F9 = {
						CreatedOnToolsVersion = 16.2;
						TestTargetID = C53F76122D405F13004560F9;
					};
					C53F762C2D405F15004560F9 = {
						CreatedOnToolsVersion = 16.2;
						TestTargetID = C53F76122D405F13004560F9;
					};
				};
			};
			buildConfigurationList = C53F760E2D405F13004560F9 /* Build configuration list for PBXProject "CoachPlus" */;
			developmentRegion = en;
			hasScannedForEncodings = 0;
			knownRegions = (
				en,
				Base,
			);
			mainGroup = C53F760A2D405F13004560F9;
			minimizedProjectReferenceProxies = 1;
			packageReferences = (
			);
			preferredProjectObjectVersion = 77;
			productRefGroup = C53F76142D405F13004560F9 /* Products */;
			projectDirPath = "";
			projectRoot = "";
			targets = (
				C53F76122D405F13004560F9 /* CoachPlus */,
				C53F76222D405F15004560F9 /* CoachPlusTests */,
				C53F762C2D405F15004560F9 /* CoachPlusUITests */,
			);
		};
/* End PBXProject section */

/* Begin PBXResourcesBuildPhase section */
		C53F76112D405F13004560F9 /* Resources */ = {
			isa = PBXResourcesBuildPhase;
			buildActionMask = 2147483647;
			files = (
			);
			runOnlyForDeploymentPostprocessing = 0;
		};
		C53F76212D405F15004560F9 /* Resources */ = {
			isa = PBXResourcesBuildPhase;
			buildActionMask = 2147483647;
			files = (
			);
			runOnlyForDeploymentPostprocessing = 0;
		};
		C53F762B2D405F15004560F9 /* Resources */ = {
			isa = PBXResourcesBuildPhase;
			buildActionMask = 2147483647;
			files = (
			);
			runOnlyForDeploymentPostprocessing = 0;
		};
/* End PBXResourcesBuildPhase section */

/* Begin PBXSourcesBuildPhase section */
		C53F760F2D405F13004560F9 /* Sources */ = {
			isa = PBXSourcesBuildPhase;
			buildActionMask = 2147483647;
			files = (
			);
			runOnlyForDeploymentPostprocessing = 0;
		};
		C53F761F2D405F15004560F9 /* Sources */ = {
			isa = PBXSourcesBuildPhase;
			buildActionMask = 2147483647;
			files = (
			);
			runOnlyForDeploymentPostprocessing = 0;
		};
		C53F76292D405F15004560F9 /* Sources */ = {
			isa = PBXSourcesBuildPhase;
			buildActionMask = 2147483647;
			files = (
			);
			runOnlyForDeploymentPostprocessing = 0;
		};
/* End PBXSourcesBuildPhase section */

/* Begin PBXTargetDependency section */
		C53F76252D405F15004560F9 /* PBXTargetDependency */ = {
			isa = PBXTargetDependency;
			target = C53F76122D405F13004560F9 /* CoachPlus */;
			targetProxy = C53F76242D405F15004560F9 /* PBXContainerItemProxy */;
		};
		C53F762F2D405F15004560F9 /* PBXTargetDependency */ = {
			isa = PBXTargetDependency;
			target = C53F76122D405F13004560F9 /* CoachPlus */;
			targetProxy = C53F762E2D405F15004560F9 /* PBXContainerItemProxy */;
		};
/* End PBXTargetDependency section */

/* Begin XCBuildConfiguration section */
		C53F76352D405F15004560F9 /* Debug */ = {
			isa = XCBuildConfiguration;
			buildSettings = {
				ALWAYS_SEARCH_USER_PATHS = NO;
				ASSETCATALOG_COMPILER_GENERATE_SWIFT_ASSET_SYMBOL_EXTENSIONS = YES;
				CLANG_ANALYZER_NONNULL = YES;
				CLANG_ANALYZER_NUMBER_OBJECT_CONVERSION = YES_AGGRESSIVE;
				CLANG_CXX_LANGUAGE_STANDARD = "gnu++20";
				CLANG_ENABLE_MODULES = YES;
				CLANG_ENABLE_OBJC_ARC = YES;
				CLANG_ENABLE_OBJC_WEAK = YES;
				CLANG_WARN_BLOCK_CAPTURE_AUTORELEASING = YES;
				CLANG_WARN_BOOL_CONVERSION = YES;
				CLANG_WARN_COMMA = YES;
				CLANG_WARN_CONSTANT_CONVERSION = YES;
				CLANG_WARN_DEPRECATED_OBJC_IMPLEMENTATIONS = YES;
				CLANG_WARN_DIRECT_OBJC_ISA_USAGE = YES_ERROR;
				CLANG_WARN_DOCUMENTATION_COMMENTS = YES;
				CLANG_WARN_EMPTY_BODY = YES;
				CLANG_WARN_ENUM_CONVERSION = YES;
				CLANG_WARN_INFINITE_RECURSION = YES;
				CLANG_WARN_INT_CONVERSION = YES;
				CLANG_WARN_NON_LITERAL_NULL_CONVERSION = YES;
				CLANG_WARN_OBJC_IMPLICIT_RETAIN_SELF = YES;
				CLANG_WARN_OBJC_LITERAL_CONVERSION = YES;
				CLANG_WARN_OBJC_ROOT_CLASS = YES_ERROR;
				CLANG_WARN_QUOTED_INCLUDE_IN_FRAMEWORK_HEADER = YES;
				CLANG_WARN_RANGE_LOOP_ANALYSIS = YES;
				CLANG_WARN_STRICT_PROTOTYPES = YES;
				CLANG_WARN_SUSPICIOUS_MOVE = YES;
				CLANG_WARN_UNGUARDED_AVAILABILITY = YES_AGGRESSIVE;
				CLANG_WARN_UNREACHABLE_CODE = YES;
				CLANG_WARN__DUPLICATE_METHOD_MATCH = YES;
				COPY_PHASE_STRIP = NO;
				DEBUG_INFORMATION_FORMAT = dwarf;
				DEVELOPMENT_TEAM = N3939PA7MU;
				ENABLE_STRICT_OBJC_MSGSEND = YES;
				ENABLE_TESTABILITY = YES;
				ENABLE_USER_SCRIPT_SANDBOXING = YES;
				GCC_C_LANGUAGE_STANDARD = gnu17;
				GCC_DYNAMIC_NO_PIC = NO;
				GCC_NO_COMMON_BLOCKS = YES;
				GCC_OPTIMIZATION_LEVEL = 0;
				GCC_PREPROCESSOR_DEFINITIONS = (
					"DEBUG=1",
					"$(inherited)",
				);
				GCC_WARN_64_TO_32_BIT_CONVERSION = YES;
				GCC_WARN_ABOUT_RETURN_TYPE = YES_ERROR;
				GCC_WARN_UNDECLARED_SELECTOR = YES;
				GCC_WARN_UNINITIALIZED_AUTOS = YES_AGGRESSIVE;
				GCC_WARN_UNUSED_FUNCTION = YES;
				GCC_WARN_UNUSED_VARIABLE = YES;
				IPHONEOS_DEPLOYMENT_TARGET = 18.2;
				LOCALIZATION_PREFERS_STRING_CATALOGS = YES;
				MTL_ENABLE_DEBUG_INFO = INCLUDE_SOURCE;
				MTL_FAST_MATH = YES;
				ONLY_ACTIVE_ARCH = YES;
				SDKROOT = iphoneos;
				SWIFT_ACTIVE_COMPILATION_CONDITIONS = "DEBUG $(inherited)";
				SWIFT_OPTIMIZATION_LEVEL = "-Onone";
			};
			name = Debug;
		};
		C53F76362D405F15004560F9 /* Release */ = {
			isa = XCBuildConfiguration;
			buildSettings = {
				ALWAYS_SEARCH_USER_PATHS = NO;
				ASSETCATALOG_COMPILER_GENERATE_SWIFT_ASSET_SYMBOL_EXTENSIONS = YES;
				CLANG_ANALYZER_NONNULL = YES;
				CLANG_ANALYZER_NUMBER_OBJECT_CONVERSION = YES_AGGRESSIVE;
				CLANG_CXX_LANGUAGE_STANDARD = "gnu++20";
				CLANG_ENABLE_MODULES = YES;
				CLANG_ENABLE_OBJC_ARC = YES;
				CLANG_ENABLE_OBJC_WEAK = YES;
				CLANG_WARN_BLOCK_CAPTURE_AUTORELEASING = YES;
				CLANG_WARN_BOOL_CONVERSION = YES;
				CLANG_WARN_COMMA = YES;
				CLANG_WARN_CONSTANT_CONVERSION = YES;
				CLANG_WARN_DEPRECATED_OBJC_IMPLEMENTATIONS = YES;
				CLANG_WARN_DIRECT_OBJC_ISA_USAGE = YES_ERROR;
				CLANG_WARN_DOCUMENTATION_COMMENTS = YES;
				CLANG_WARN_EMPTY_BODY = YES;
				CLANG_WARN_ENUM_CONVERSION = YES;
				CLANG_WARN_INFINITE_RECURSION = YES;
				CLANG_WARN_INT_CONVERSION = YES;
				CLANG_WARN_NON_LITERAL_NULL_CONVERSION = YES;
				CLANG_WARN_OBJC_IMPLICIT_RETAIN_SELF = YES;
				CLANG_WARN_OBJC_LITERAL_CONVERSION = YES;
				CLANG_WARN_OBJC_ROOT_CLASS = YES_ERROR;
				CLANG_WARN_QUOTED_INCLUDE_IN_FRAMEWORK_HEADER = YES;
				CLANG_WARN_RANGE_LOOP_ANALYSIS = YES;
				CLANG_WARN_STRICT_PROTOTYPES = YES;
				CLANG_WARN_SUSPICIOUS_MOVE = YES;
				CLANG_WARN_UNGUARDED_AVAILABILITY = YES_AGGRESSIVE;
				CLANG_WARN_UNREACHABLE_CODE = YES;
				CLANG_WARN__DUPLICATE_METHOD_MATCH = YES;
				COPY_PHASE_STRIP = NO;
				DEBUG_INFORMATION_FORMAT = "dwarf-with-dsym";
				DEVELOPMENT_TEAM = N3939PA7MU;
				ENABLE_NS_ASSERTIONS = NO;
				ENABLE_STRICT_OBJC_MSGSEND = YES;
				ENABLE_USER_SCRIPT_SANDBOXING = YES;
				GCC_C_LANGUAGE_STANDARD = gnu17;
				GCC_NO_COMMON_BLOCKS = YES;
				GCC_WARN_64_TO_32_BIT_CONVERSION = YES;
				GCC_WARN_ABOUT_RETURN_TYPE = YES_ERROR;
				GCC_WARN_UNDECLARED_SELECTOR = YES;
				GCC_WARN_UNINITIALIZED_AUTOS = YES_AGGRESSIVE;
				GCC_WARN_UNUSED_FUNCTION = YES;
				GCC_WARN_UNUSED_VARIABLE = YES;
				IPHONEOS_DEPLOYMENT_TARGET = 18.2;
				LOCALIZATION_PREFERS_STRING_CATALOGS = YES;
				MTL_ENABLE_DEBUG_INFO = NO;
				MTL_FAST_MATH = YES;
				SDKROOT = iphoneos;
				SWIFT_COMPILATION_MODE = wholemodule;
				VALIDATE_PRODUCT = YES;
			};
			name = Release;
		};
		C53F76382D405F15004560F9 /* Debug */ = {
			isa = XCBuildConfiguration;
			buildSettings = {
				ASSETCATALOG_COMPILER_APPICON_NAME = AppIcon;
				ASSETCATALOG_COMPILER_GLOBAL_ACCENT_COLOR_NAME = AccentColor;
				CODE_SIGN_STYLE = Automatic;
				CURRENT_PROJECT_VERSION = 1;
				DEVELOPMENT_ASSET_PATHS = "\"CoachPlus/Preview Content\"";
				ENABLE_PREVIEWS = YES;
				GENERATE_INFOPLIST_FILE = YES;
				INFOPLIST_FILE = CoachPlus/Info.plist;
				INFOPLIST_KEY_UIApplicationSceneManifest_Generation = YES;
				INFOPLIST_KEY_UIApplicationSupportsIndirectInputEvents = YES;
				INFOPLIST_KEY_UILaunchScreen_Generation = YES;
				INFOPLIST_KEY_UISupportedInterfaceOrientations_iPad = "UIInterfaceOrientationPortrait UIInterfaceOrientationPortraitUpsideDown UIInterfaceOrientationLandscapeLeft UIInterfaceOrientationLandscapeRight";
				INFOPLIST_KEY_UISupportedInterfaceOrientations_iPhone = "UIInterfaceOrientationPortrait UIInterfaceOrientationLandscapeLeft UIInterfaceOrientationLandscapeRight";
				LD_RUNPATH_SEARCH_PATHS = (
					"$(inherited)",
					"@executable_path/Frameworks",
				);
				MARKETING_VERSION = 1.43;
				PRODUCT_BUNDLE_IDENTIFIER = fm.mrc.CoachPlus;
				PRODUCT_NAME = "$(TARGET_NAME)";
				SUPPORTED_PLATFORMS = "iphoneos iphonesimulator";
				SUPPORTS_MACCATALYST = NO;
				SUPPORTS_MAC_DESIGNED_FOR_IPHONE_IPAD = NO;
				SUPPORTS_XR_DESIGNED_FOR_IPHONE_IPAD = NO;
				SWIFT_EMIT_LOC_STRINGS = YES;
				SWIFT_VERSION = 5.0;
				TARGETED_DEVICE_FAMILY = 1;
			};
			name = Debug;
		};
		C53F76392D405F15004560F9 /* Release */ = {
			isa = XCBuildConfiguration;
			buildSettings = {
				ASSETCATALOG_COMPILER_APPICON_NAME = AppIcon;
				ASSETCATALOG_COMPILER_GLOBAL_ACCENT_COLOR_NAME = AccentColor;
				CODE_SIGN_IDENTITY = "Apple Development";
				CODE_SIGN_STYLE = Automatic;
				CURRENT_PROJECT_VERSION = 1;
				DEVELOPMENT_ASSET_PATHS = "\"CoachPlus/Preview Content\"";
				ENABLE_PREVIEWS = YES;
				GENERATE_INFOPLIST_FILE = YES;
				INFOPLIST_FILE = CoachPlus/Info.plist;
				INFOPLIST_KEY_UIApplicationSceneManifest_Generation = YES;
				INFOPLIST_KEY_UIApplicationSupportsIndirectInputEvents = YES;
				INFOPLIST_KEY_UILaunchScreen_Generation = YES;
				INFOPLIST_KEY_UISupportedInterfaceOrientations_iPad = "UIInterfaceOrientationPortrait UIInterfaceOrientationPortraitUpsideDown UIInterfaceOrientationLandscapeLeft UIInterfaceOrientationLandscapeRight";
				INFOPLIST_KEY_UISupportedInterfaceOrientations_iPhone = "UIInterfaceOrientationPortrait UIInterfaceOrientationLandscapeLeft UIInterfaceOrientationLandscapeRight";
				LD_RUNPATH_SEARCH_PATHS = (
					"$(inherited)",
					"@executable_path/Frameworks",
				);
				MARKETING_VERSION = 1.43;
				PRODUCT_BUNDLE_IDENTIFIER = fm.mrc.CoachPlus;
				PRODUCT_NAME = "$(TARGET_NAME)";
				PROVISIONING_PROFILE_SPECIFIER = "";
				SUPPORTED_PLATFORMS = "iphoneos iphonesimulator";
				SUPPORTS_MACCATALYST = NO;
				SUPPORTS_MAC_DESIGNED_FOR_IPHONE_IPAD = NO;
				SUPPORTS_XR_DESIGNED_FOR_IPHONE_IPAD = NO;
				SWIFT_EMIT_LOC_STRINGS = YES;
				SWIFT_VERSION = 5.0;
				TARGETED_DEVICE_FAMILY = 1;
			};
			name = Release;
		};
		C53F763B2D405F15004560F9 /* Debug */ = {
			isa = XCBuildConfiguration;
			buildSettings = {
				BUNDLE_LOADER = "$(TEST_HOST)";
				CODE_SIGN_STYLE = Automatic;
				CURRENT_PROJECT_VERSION = 1;
				GENERATE_INFOPLIST_FILE = YES;
				IPHONEOS_DEPLOYMENT_TARGET = 18.2;
				MARKETING_VERSION = 1.0;
				PRODUCT_BUNDLE_IDENTIFIER = fm.mrc.CoachPlusTests;
				PRODUCT_NAME = "$(TARGET_NAME)";
				SWIFT_EMIT_LOC_STRINGS = NO;
				SWIFT_VERSION = 5.0;
				TARGETED_DEVICE_FAMILY = "1,2";
				TEST_HOST = "$(BUILT_PRODUCTS_DIR)/CoachPlus.app/$(BUNDLE_EXECUTABLE_FOLDER_PATH)/CoachPlus";
			};
			name = Debug;
		};
		C53F763C2D405F15004560F9 /* Release */ = {
			isa = XCBuildConfiguration;
			buildSettings = {
				BUNDLE_LOADER = "$(TEST_HOST)";
				CODE_SIGN_STYLE = Automatic;
				CURRENT_PROJECT_VERSION = 1;
				GENERATE_INFOPLIST_FILE = YES;
				IPHONEOS_DEPLOYMENT_TARGET = 18.2;
				MARKETING_VERSION = 1.0;
				PRODUCT_BUNDLE_IDENTIFIER = fm.mrc.CoachPlusTests;
				PRODUCT_NAME = "$(TARGET_NAME)";
				SWIFT_EMIT_LOC_STRINGS = NO;
				SWIFT_VERSION = 5.0;
				TARGETED_DEVICE_FAMILY = "1,2";
				TEST_HOST = "$(BUILT_PRODUCTS_DIR)/CoachPlus.app/$(BUNDLE_EXECUTABLE_FOLDER_PATH)/CoachPlus";
			};
			name = Release;
		};
		C53F763E2D405F15004560F9 /* Debug */ = {
			isa = XCBuildConfiguration;
			buildSettings = {
				CODE_SIGN_STYLE = Automatic;
				CURRENT_PROJECT_VERSION = 1;
				GENERATE_INFOPLIST_FILE = YES;
				MARKETING_VERSION = 1.0;
				PRODUCT_BUNDLE_IDENTIFIER = fm.mrc.CoachPlusUITests;
				PRODUCT_NAME = "$(TARGET_NAME)";
				SWIFT_EMIT_LOC_STRINGS = NO;
				SWIFT_VERSION = 5.0;
				TARGETED_DEVICE_FAMILY = "1,2";
				TEST_TARGET_NAME = CoachPlus;
			};
			name = Debug;
		};
		C53F763F2D405F15004560F9 /* Release */ = {
			isa = XCBuildConfiguration;
			buildSettings = {
				CODE_SIGN_STYLE = Automatic;
				CURRENT_PROJECT_VERSION = 1;
				GENERATE_INFOPLIST_FILE = YES;
				MARKETING_VERSION = 1.0;
				PRODUCT_BUNDLE_IDENTIFIER = fm.mrc.CoachPlusUITests;
				PRODUCT_NAME = "$(TARGET_NAME)";
				SWIFT_EMIT_LOC_STRINGS = NO;
				SWIFT_VERSION = 5.0;
				TARGETED_DEVICE_FAMILY = "1,2";
				TEST_TARGET_NAME = CoachPlus;
			};
			name = Release;
		};
/* End XCBuildConfiguration section */

/* Begin XCConfigurationList section */
		C53F760E2D405F13004560F9 /* Build configuration list for PBXProject "CoachPlus" */ = {
			isa = XCConfigurationList;
			buildConfigurations = (
				C53F76352D405F15004560F9 /* Debug */,
				C53F76362D405F15004560F9 /* Release */,
			);
			defaultConfigurationIsVisible = 0;
			defaultConfigurationName = Release;
		};
		C53F76372D405F15004560F9 /* Build configuration list for PBXNativeTarget "CoachPlus" */ = {
			isa = XCConfigurationList;
			buildConfigurations = (
				C53F76382D405F15004560F9 /* Debug */,
				C53F76392D405F15004560F9 /* Release */,
			);
			defaultConfigurationIsVisible = 0;
			defaultConfigurationName = Release;
		};
		C53F763A2D405F15004560F9 /* Build configuration list for PBXNativeTarget "CoachPlusTests" */ = {
			isa = XCConfigurationList;
			buildConfigurations = (
				C53F763B2D405F15004560F9 /* Debug */,
				C53F763C2D405F15004560F9 /* Release */,
			);
			defaultConfigurationIsVisible = 0;
			defaultConfigurationName = Release;
		};
		C53F763D2D405F15004560F9 /* Build configuration list for PBXNativeTarget "CoachPlusUITests" */ = {
			isa = XCConfigurationList;
			buildConfigurations = (
				C53F763E2D405F15004560F9 /* Debug */,
				C53F763F2D405F15004560F9 /* Release */,
			);
			defaultConfigurationIsVisible = 0;
			defaultConfigurationName = Release;
		};
/* End XCConfigurationList section */
	};
	rootObject = C53F760B2D405F13004560F9 /* Project object */;
}
